// !$*UTF8*$!
{
	archiveVersion = 1;
	classes = {
	};
	objectVersion = 55;
	objects = {

/* Begin PBXBuildFile section */
		7E08C154272F0A9F00F269BD /* UsersDataSource.swift in Sources */ = {isa = PBXBuildFile; fileRef = 7E08C153272F0A9F00F269BD /* UsersDataSource.swift */; };
		7E08C156272F0E2700F269BD /* UsersModel.swift in Sources */ = {isa = PBXBuildFile; fileRef = 7E08C155272F0E2700F269BD /* UsersModel.swift */; };
		7E08C15827330BB300F269BD /* HeaderView.swift in Sources */ = {isa = PBXBuildFile; fileRef = 7E08C15727330BB300F269BD /* HeaderView.swift */; };
		7E08C15A2734529400F269BD /* View+CornerRadiusStyle.swift in Sources */ = {isa = PBXBuildFile; fileRef = 7E08C1592734529400F269BD /* View+CornerRadiusStyle.swift */; };
		7E08C15E2734535900F269BD /* HeaderViewModel.swift in Sources */ = {isa = PBXBuildFile; fileRef = 7E08C15D2734535900F269BD /* HeaderViewModel.swift */; };
		7E08C1632734571D00F269BD /* DateFormatter+WithFormat.swift in Sources */ = {isa = PBXBuildFile; fileRef = 7E08C1622734571D00F269BD /* DateFormatter+WithFormat.swift */; };
		7E08C165273458B500F269BD /* HeaderButton.swift in Sources */ = {isa = PBXBuildFile; fileRef = 7E08C164273458B500F269BD /* HeaderButton.swift */; };
		7E08C16D27345ED900F269BD /* TimeInterval+CommonIntervals.swift in Sources */ = {isa = PBXBuildFile; fileRef = 7E08C16C27345ED900F269BD /* TimeInterval+CommonIntervals.swift */; };
		7E17114827353AC40086A78F /* BudgetIcon.swift in Sources */ = {isa = PBXBuildFile; fileRef = 7E17114727353AC40086A78F /* BudgetIcon.swift */; };
		7E17114E27353DBE0086A78F /* Overview.swift in Sources */ = {isa = PBXBuildFile; fileRef = 7E17114D27353DBE0086A78F /* Overview.swift */; };
		7E171150273540320086A78F /* CircularProgressBar.swift in Sources */ = {isa = PBXBuildFile; fileRef = 7E17114F273540320086A78F /* CircularProgressBar.swift */; };
		7E17115727357E710086A78F /* DailyBudget.swift in Sources */ = {isa = PBXBuildFile; fileRef = 7E17115627357E710086A78F /* DailyBudget.swift */; };
		7E171159273582070086A78F /* Double+FormatToCurrency.swift in Sources */ = {isa = PBXBuildFile; fileRef = 7E171158273582070086A78F /* Double+FormatToCurrency.swift */; };
		7E17115B273583360086A78F /* TripSettings.swift in Sources */ = {isa = PBXBuildFile; fileRef = 7E17115A273583360086A78F /* TripSettings.swift */; };
		7E17115C2735846D0086A78F /* OverviewViewModel.swift in Sources */ = {isa = PBXBuildFile; fileRef = 7E17115427357E030086A78F /* OverviewViewModel.swift */; };
		7E17115E273586760086A78F /* BudgetCard.swift in Sources */ = {isa = PBXBuildFile; fileRef = 7E17115D273586760086A78F /* BudgetCard.swift */; };
		7E17116027358BA10086A78F /* MainComponent.swift in Sources */ = {isa = PBXBuildFile; fileRef = 7E17115F27358BA10086A78F /* MainComponent.swift */; };
		7E17116227358F200086A78F /* BudgetList.swift in Sources */ = {isa = PBXBuildFile; fileRef = 7E17116127358F200086A78F /* BudgetList.swift */; };
		7E6100C7273471440084B014 /* DateButton.swift in Sources */ = {isa = PBXBuildFile; fileRef = 7E6100C6273471440084B014 /* DateButton.swift */; };
		7E6100C9273471620084B014 /* TripDatePickerViewModel.swift in Sources */ = {isa = PBXBuildFile; fileRef = 7E6100C8273471620084B014 /* TripDatePickerViewModel.swift */; };
		7E6100CB273472CE0084B014 /* DateTimePicker.swift in Sources */ = {isa = PBXBuildFile; fileRef = 7E6100CA273472CE0084B014 /* DateTimePicker.swift */; };
		7E6100CE2734FB230084B014 /* Currency.swift in Sources */ = {isa = PBXBuildFile; fileRef = 7E6100CD2734FB230084B014 /* Currency.swift */; };
		7E6100D22734FFC70084B014 /* NumberFormatter+CurrencyFormatter.swift in Sources */ = {isa = PBXBuildFile; fileRef = 7E6100D12734FFC70084B014 /* NumberFormatter+CurrencyFormatter.swift */; };
		7E6100D62735011C0084B014 /* CurrencyPicker.swift in Sources */ = {isa = PBXBuildFile; fileRef = 7E6100D52735011C0084B014 /* CurrencyPicker.swift */; };
		7E6100D827350A520084B014 /* CurrencyList.swift in Sources */ = {isa = PBXBuildFile; fileRef = 7E6100D727350A520084B014 /* CurrencyList.swift */; };
		7E6588E02734653F003882A4 /* TripDatePicker.swift in Sources */ = {isa = PBXBuildFile; fileRef = 7E6588DF2734653F003882A4 /* TripDatePicker.swift */; };
		7E8A9437273A51DF00E023DC /* MainPageView.swift in Sources */ = {isa = PBXBuildFile; fileRef = 7E8A9436273A51DF00E023DC /* MainPageView.swift */; };
		7E8A9439273A526700E023DC /* SavingsList.swift in Sources */ = {isa = PBXBuildFile; fileRef = 7E8A9438273A526700E023DC /* SavingsList.swift */; };
		7E8A943B273A765E00E023DC /* BudgetFormModal.swift in Sources */ = {isa = PBXBuildFile; fileRef = 7E8A943A273A765D00E023DC /* BudgetFormModal.swift */; };
		7E944D38272BE4D70017EF76 /* DebtsDataSource.swift in Sources */ = {isa = PBXBuildFile; fileRef = 7E944D37272BE4D70017EF76 /* DebtsDataSource.swift */; };
		7E944D3C272BEDD00017EF76 /* DebtsModel.swift in Sources */ = {isa = PBXBuildFile; fileRef = 7E944D3B272BEDD00017EF76 /* DebtsModel.swift */; };
		7E944D41272BFD2B0017EF76 /* SettlementsModel.swift in Sources */ = {isa = PBXBuildFile; fileRef = 7E944D40272BFD2B0017EF76 /* SettlementsModel.swift */; };
		7E944D43272BFD3B0017EF76 /* SettlementsDataSource.swift in Sources */ = {isa = PBXBuildFile; fileRef = 7E944D42272BFD3B0017EF76 /* SettlementsDataSource.swift */; };
		A7394D29272F1F0E00C65D55 /* BudgetModel.swift in Sources */ = {isa = PBXBuildFile; fileRef = A7394D28272F1F0E00C65D55 /* BudgetModel.swift */; };
		A7394D2B272F1F4D00C65D55 /* BudgetDataSource.swift in Sources */ = {isa = PBXBuildFile; fileRef = A7394D2A272F1F4D00C65D55 /* BudgetDataSource.swift */; };
		A7394D2F272F272000C65D55 /* ExpenseDataSource.swift in Sources */ = {isa = PBXBuildFile; fileRef = A7394D2E272F272000C65D55 /* ExpenseDataSource.swift */; };
		A7394D31272F272A00C65D55 /* ExpenseModel.swift in Sources */ = {isa = PBXBuildFile; fileRef = A7394D30272F272A00C65D55 /* ExpenseModel.swift */; };
		A7394D35272F318B00C65D55 /* TripModel.swift in Sources */ = {isa = PBXBuildFile; fileRef = A7394D34272F318B00C65D55 /* TripModel.swift */; };
		A7394D37272F31B200C65D55 /* TripDataSource.swift in Sources */ = {isa = PBXBuildFile; fileRef = A7394D36272F31B200C65D55 /* TripDataSource.swift */; };
		A79423AE2737BBA2000573A8 /* CalculatorComponent.swift in Sources */ = {isa = PBXBuildFile; fileRef = A79423AD2737BBA2000573A8 /* CalculatorComponent.swift */; };
		A79B4F7B273511E3004B2F19 /* TextBinding.swift in Sources */ = {isa = PBXBuildFile; fileRef = A79B4F7A273511E3004B2F19 /* TextBinding.swift */; };
		A79B4F8227353820004B2F19 /* ButtonPrimary.swift in Sources */ = {isa = PBXBuildFile; fileRef = A79B4F8127353820004B2F19 /* ButtonPrimary.swift */; };
		A79B4F842735383B004B2F19 /* ButtonSecondary.swift in Sources */ = {isa = PBXBuildFile; fileRef = A79B4F832735383B004B2F19 /* ButtonSecondary.swift */; };
		A79B4F8627353864004B2F19 /* ButtonTertiary.swift in Sources */ = {isa = PBXBuildFile; fileRef = A79B4F8527353864004B2F19 /* ButtonTertiary.swift */; };
		A7A42D802734A18E00F95D5E /* ReusableTitleView.swift in Sources */ = {isa = PBXBuildFile; fileRef = A7A42D7F2734A18E00F95D5E /* ReusableTitleView.swift */; };
		A7A42D842734D6F600F95D5E /* SavingHistoryComponent.swift in Sources */ = {isa = PBXBuildFile; fileRef = A7A42D832734D6F600F95D5E /* SavingHistoryComponent.swift */; };
		A7B7E2662722BA08002B6EF7 /* GenersaApp.swift in Sources */ = {isa = PBXBuildFile; fileRef = A7B7E2652722BA08002B6EF7 /* GenersaApp.swift */; };
		A7B7E2682722BA08002B6EF7 /* ContentView.swift in Sources */ = {isa = PBXBuildFile; fileRef = A7B7E2672722BA08002B6EF7 /* ContentView.swift */; };
		A7B7E26A2722BA0A002B6EF7 /* Assets.xcassets in Resources */ = {isa = PBXBuildFile; fileRef = A7B7E2692722BA0A002B6EF7 /* Assets.xcassets */; };
		A7B7E26D2722BA0A002B6EF7 /* Preview Assets.xcassets in Resources */ = {isa = PBXBuildFile; fileRef = A7B7E26C2722BA0A002B6EF7 /* Preview Assets.xcassets */; };
		A7E3536B2727CC26004E999A /* genersaDataModel.xcdatamodeld in Sources */ = {isa = PBXBuildFile; fileRef = A7E353692727CC26004E999A /* genersaDataModel.xcdatamodeld */; };
		A7E3536D2727CC74004E999A /* Persistance.swift in Sources */ = {isa = PBXBuildFile; fileRef = A7E3536C2727CC74004E999A /* Persistance.swift */; };
		A7E3537227280180004E999A /* CloudKit.framework in Frameworks */ = {isa = PBXBuildFile; fileRef = A7E3537127280180004E999A /* CloudKit.framework */; };
		A7F90747272FDED800A84016 /* ExpensePartyModel.swift in Sources */ = {isa = PBXBuildFile; fileRef = A7F90746272FDED800A84016 /* ExpensePartyModel.swift */; };
		A7F90749272FDF0C00A84016 /* ExpensePartyDataSource.swift in Sources */ = {isa = PBXBuildFile; fileRef = A7F90748272FDF0C00A84016 /* ExpensePartyDataSource.swift */; };
		A7FAE4AF2738FD6E0097793C /* HalfASheet.swift in Sources */ = {isa = PBXBuildFile; fileRef = A7FAE4AE2738FD6E0097793C /* HalfASheet.swift */; };
		E88AE02827353F4D001AD969 /* AvatarComponentView.swift in Sources */ = {isa = PBXBuildFile; fileRef = E88AE02727353F4D001AD969 /* AvatarComponentView.swift */; };
		E8C5D23D2739251B00F504FC /* AvatarPickerComponent.swift in Sources */ = {isa = PBXBuildFile; fileRef = E8C5D23C2739251B00F504FC /* AvatarPickerComponent.swift */; };
		E8DC4FE2273A1EA9005E9668 /* CreateProfileView.swift in Sources */ = {isa = PBXBuildFile; fileRef = E8DC4FE1273A1EA9005E9668 /* CreateProfileView.swift */; };
		E8DC4FE6273A4350005E9668 /* Avatar.swift in Sources */ = {isa = PBXBuildFile; fileRef = E8DC4FE5273A4350005E9668 /* Avatar.swift */; };
		E8DC4FE8273A437D005E9668 /* AvatarListViewModel.swift in Sources */ = {isa = PBXBuildFile; fileRef = E8DC4FE7273A437D005E9668 /* AvatarListViewModel.swift */; };
		E8DC4FEA273A488A005E9668 /* AvatarView.swift in Sources */ = {isa = PBXBuildFile; fileRef = E8DC4FE9273A488A005E9668 /* AvatarView.swift */; };
		E8E2ECA8272F80B20019DBCE /* SavingsDataSource.swift in Sources */ = {isa = PBXBuildFile; fileRef = E8E2ECA7272F80B20019DBCE /* SavingsDataSource.swift */; };
		E8E2ECAA272F80C70019DBCE /* SavingsModel.swift in Sources */ = {isa = PBXBuildFile; fileRef = E8E2ECA9272F80C70019DBCE /* SavingsModel.swift */; };
		E8F833662738D8C200A0A0F9 /* BudgetIconSlider.swift in Sources */ = {isa = PBXBuildFile; fileRef = E8F833652738D8C200A0A0F9 /* BudgetIconSlider.swift */; };
		E8F9DBEA272F9D5500200DAC /* SavingRecordDataSource.swift in Sources */ = {isa = PBXBuildFile; fileRef = E8F9DBE9272F9D5500200DAC /* SavingRecordDataSource.swift */; };
		E8F9DBEC272F9D6200200DAC /* SavingRecordModel.swift in Sources */ = {isa = PBXBuildFile; fileRef = E8F9DBEB272F9D6200200DAC /* SavingRecordModel.swift */; };
/* End PBXBuildFile section */

/* Begin PBXFileReference section */
		7E08C153272F0A9F00F269BD /* UsersDataSource.swift */ = {isa = PBXFileReference; lastKnownFileType = sourcecode.swift; path = UsersDataSource.swift; sourceTree = "<group>"; };
		7E08C155272F0E2700F269BD /* UsersModel.swift */ = {isa = PBXFileReference; lastKnownFileType = sourcecode.swift; path = UsersModel.swift; sourceTree = "<group>"; };
		7E08C15727330BB300F269BD /* HeaderView.swift */ = {isa = PBXFileReference; lastKnownFileType = sourcecode.swift; path = HeaderView.swift; sourceTree = "<group>"; };
		7E08C1592734529400F269BD /* View+CornerRadiusStyle.swift */ = {isa = PBXFileReference; lastKnownFileType = sourcecode.swift; name = "View+CornerRadiusStyle.swift"; path = "genersa/Vendors/Utilities/Extensions/View+CornerRadiusStyle.swift"; sourceTree = SOURCE_ROOT; };
		7E08C15D2734535900F269BD /* HeaderViewModel.swift */ = {isa = PBXFileReference; lastKnownFileType = sourcecode.swift; path = HeaderViewModel.swift; sourceTree = "<group>"; };
		7E08C1622734571D00F269BD /* DateFormatter+WithFormat.swift */ = {isa = PBXFileReference; lastKnownFileType = sourcecode.swift; path = "DateFormatter+WithFormat.swift"; sourceTree = "<group>"; };
		7E08C164273458B500F269BD /* HeaderButton.swift */ = {isa = PBXFileReference; lastKnownFileType = sourcecode.swift; path = HeaderButton.swift; sourceTree = "<group>"; };
		7E08C16C27345ED900F269BD /* TimeInterval+CommonIntervals.swift */ = {isa = PBXFileReference; lastKnownFileType = sourcecode.swift; path = "TimeInterval+CommonIntervals.swift"; sourceTree = "<group>"; };
		7E17114727353AC40086A78F /* BudgetIcon.swift */ = {isa = PBXFileReference; lastKnownFileType = sourcecode.swift; path = BudgetIcon.swift; sourceTree = "<group>"; };
		7E17114D27353DBE0086A78F /* Overview.swift */ = {isa = PBXFileReference; lastKnownFileType = sourcecode.swift; path = Overview.swift; sourceTree = "<group>"; };
		7E17114F273540320086A78F /* CircularProgressBar.swift */ = {isa = PBXFileReference; lastKnownFileType = sourcecode.swift; path = CircularProgressBar.swift; sourceTree = "<group>"; };
		7E17115427357E030086A78F /* OverviewViewModel.swift */ = {isa = PBXFileReference; lastKnownFileType = sourcecode.swift; path = OverviewViewModel.swift; sourceTree = "<group>"; };
		7E17115627357E710086A78F /* DailyBudget.swift */ = {isa = PBXFileReference; lastKnownFileType = sourcecode.swift; path = DailyBudget.swift; sourceTree = "<group>"; };
		7E171158273582070086A78F /* Double+FormatToCurrency.swift */ = {isa = PBXFileReference; lastKnownFileType = sourcecode.swift; path = "Double+FormatToCurrency.swift"; sourceTree = "<group>"; };
		7E17115A273583360086A78F /* TripSettings.swift */ = {isa = PBXFileReference; lastKnownFileType = sourcecode.swift; path = TripSettings.swift; sourceTree = "<group>"; };
		7E17115D273586760086A78F /* BudgetCard.swift */ = {isa = PBXFileReference; lastKnownFileType = sourcecode.swift; path = BudgetCard.swift; sourceTree = "<group>"; };
		7E17115F27358BA10086A78F /* MainComponent.swift */ = {isa = PBXFileReference; lastKnownFileType = sourcecode.swift; path = MainComponent.swift; sourceTree = "<group>"; };
		7E17116127358F200086A78F /* BudgetList.swift */ = {isa = PBXFileReference; lastKnownFileType = sourcecode.swift; path = BudgetList.swift; sourceTree = "<group>"; };
		7E6100C6273471440084B014 /* DateButton.swift */ = {isa = PBXFileReference; lastKnownFileType = sourcecode.swift; path = DateButton.swift; sourceTree = "<group>"; };
		7E6100C8273471620084B014 /* TripDatePickerViewModel.swift */ = {isa = PBXFileReference; lastKnownFileType = sourcecode.swift; path = TripDatePickerViewModel.swift; sourceTree = "<group>"; };
		7E6100CA273472CE0084B014 /* DateTimePicker.swift */ = {isa = PBXFileReference; lastKnownFileType = sourcecode.swift; path = DateTimePicker.swift; sourceTree = "<group>"; };
		7E6100CD2734FB230084B014 /* Currency.swift */ = {isa = PBXFileReference; lastKnownFileType = sourcecode.swift; path = Currency.swift; sourceTree = "<group>"; };
		7E6100D12734FFC70084B014 /* NumberFormatter+CurrencyFormatter.swift */ = {isa = PBXFileReference; lastKnownFileType = sourcecode.swift; path = "NumberFormatter+CurrencyFormatter.swift"; sourceTree = "<group>"; };
		7E6100D52735011C0084B014 /* CurrencyPicker.swift */ = {isa = PBXFileReference; lastKnownFileType = sourcecode.swift; path = CurrencyPicker.swift; sourceTree = "<group>"; };
		7E6100D727350A520084B014 /* CurrencyList.swift */ = {isa = PBXFileReference; lastKnownFileType = sourcecode.swift; path = CurrencyList.swift; sourceTree = "<group>"; };
		7E6588DF2734653F003882A4 /* TripDatePicker.swift */ = {isa = PBXFileReference; fileEncoding = 4; lastKnownFileType = sourcecode.swift; path = TripDatePicker.swift; sourceTree = "<group>"; };
		7E8A9436273A51DF00E023DC /* MainPageView.swift */ = {isa = PBXFileReference; lastKnownFileType = sourcecode.swift; path = MainPageView.swift; sourceTree = "<group>"; };
		7E8A9438273A526700E023DC /* SavingsList.swift */ = {isa = PBXFileReference; lastKnownFileType = sourcecode.swift; path = SavingsList.swift; sourceTree = "<group>"; };
		7E8A943A273A765D00E023DC /* BudgetFormModal.swift */ = {isa = PBXFileReference; lastKnownFileType = sourcecode.swift; path = BudgetFormModal.swift; sourceTree = "<group>"; };
		7E944D37272BE4D70017EF76 /* DebtsDataSource.swift */ = {isa = PBXFileReference; lastKnownFileType = sourcecode.swift; path = DebtsDataSource.swift; sourceTree = "<group>"; };
		7E944D3B272BEDD00017EF76 /* DebtsModel.swift */ = {isa = PBXFileReference; lastKnownFileType = sourcecode.swift; path = DebtsModel.swift; sourceTree = "<group>"; };
		7E944D40272BFD2B0017EF76 /* SettlementsModel.swift */ = {isa = PBXFileReference; lastKnownFileType = sourcecode.swift; path = SettlementsModel.swift; sourceTree = "<group>"; };
		7E944D42272BFD3B0017EF76 /* SettlementsDataSource.swift */ = {isa = PBXFileReference; lastKnownFileType = sourcecode.swift; path = SettlementsDataSource.swift; sourceTree = "<group>"; };
		A7394D28272F1F0E00C65D55 /* BudgetModel.swift */ = {isa = PBXFileReference; lastKnownFileType = sourcecode.swift; path = BudgetModel.swift; sourceTree = "<group>"; };
		A7394D2A272F1F4D00C65D55 /* BudgetDataSource.swift */ = {isa = PBXFileReference; lastKnownFileType = sourcecode.swift; path = BudgetDataSource.swift; sourceTree = "<group>"; };
		A7394D2E272F272000C65D55 /* ExpenseDataSource.swift */ = {isa = PBXFileReference; lastKnownFileType = sourcecode.swift; path = ExpenseDataSource.swift; sourceTree = "<group>"; };
		A7394D30272F272A00C65D55 /* ExpenseModel.swift */ = {isa = PBXFileReference; lastKnownFileType = sourcecode.swift; path = ExpenseModel.swift; sourceTree = "<group>"; };
		A7394D34272F318B00C65D55 /* TripModel.swift */ = {isa = PBXFileReference; lastKnownFileType = sourcecode.swift; path = TripModel.swift; sourceTree = "<group>"; };
		A7394D36272F31B200C65D55 /* TripDataSource.swift */ = {isa = PBXFileReference; lastKnownFileType = sourcecode.swift; path = TripDataSource.swift; sourceTree = "<group>"; };
		A79423AD2737BBA2000573A8 /* CalculatorComponent.swift */ = {isa = PBXFileReference; lastKnownFileType = sourcecode.swift; path = CalculatorComponent.swift; sourceTree = "<group>"; };
		A79B4F7A273511E3004B2F19 /* TextBinding.swift */ = {isa = PBXFileReference; lastKnownFileType = sourcecode.swift; path = TextBinding.swift; sourceTree = "<group>"; };
		A79B4F8127353820004B2F19 /* ButtonPrimary.swift */ = {isa = PBXFileReference; lastKnownFileType = sourcecode.swift; path = ButtonPrimary.swift; sourceTree = "<group>"; };
		A79B4F832735383B004B2F19 /* ButtonSecondary.swift */ = {isa = PBXFileReference; lastKnownFileType = sourcecode.swift; path = ButtonSecondary.swift; sourceTree = "<group>"; };
		A79B4F8527353864004B2F19 /* ButtonTertiary.swift */ = {isa = PBXFileReference; lastKnownFileType = sourcecode.swift; path = ButtonTertiary.swift; sourceTree = "<group>"; };
		A7A42D7F2734A18E00F95D5E /* ReusableTitleView.swift */ = {isa = PBXFileReference; lastKnownFileType = sourcecode.swift; path = ReusableTitleView.swift; sourceTree = "<group>"; };
		A7A42D832734D6F600F95D5E /* SavingHistoryComponent.swift */ = {isa = PBXFileReference; lastKnownFileType = sourcecode.swift; path = SavingHistoryComponent.swift; sourceTree = "<group>"; };
		A7B7E2622722BA08002B6EF7 /* genersa.app */ = {isa = PBXFileReference; explicitFileType = wrapper.application; includeInIndex = 0; path = genersa.app; sourceTree = BUILT_PRODUCTS_DIR; };
		A7B7E2652722BA08002B6EF7 /* GenersaApp.swift */ = {isa = PBXFileReference; lastKnownFileType = sourcecode.swift; path = GenersaApp.swift; sourceTree = "<group>"; };
		A7B7E2672722BA08002B6EF7 /* ContentView.swift */ = {isa = PBXFileReference; lastKnownFileType = sourcecode.swift; path = ContentView.swift; sourceTree = "<group>"; };
		A7B7E2692722BA0A002B6EF7 /* Assets.xcassets */ = {isa = PBXFileReference; lastKnownFileType = folder.assetcatalog; path = Assets.xcassets; sourceTree = "<group>"; };
		A7B7E26C2722BA0A002B6EF7 /* Preview Assets.xcassets */ = {isa = PBXFileReference; lastKnownFileType = folder.assetcatalog; path = "Preview Assets.xcassets"; sourceTree = "<group>"; };
		A7D7281B2727761E00BCFE61 /* genersa.entitlements */ = {isa = PBXFileReference; lastKnownFileType = text.plist.entitlements; path = genersa.entitlements; sourceTree = "<group>"; };
		A7E3536A2727CC26004E999A /* genersaDataModel.xcdatamodel */ = {isa = PBXFileReference; lastKnownFileType = wrapper.xcdatamodel; path = genersaDataModel.xcdatamodel; sourceTree = "<group>"; };
		A7E3536C2727CC74004E999A /* Persistance.swift */ = {isa = PBXFileReference; lastKnownFileType = sourcecode.swift; path = Persistance.swift; sourceTree = "<group>"; };
		A7E3536F27280175004E999A /* Info.plist */ = {isa = PBXFileReference; lastKnownFileType = text.plist; path = Info.plist; sourceTree = "<group>"; };
		A7E3537127280180004E999A /* CloudKit.framework */ = {isa = PBXFileReference; lastKnownFileType = wrapper.framework; name = CloudKit.framework; path = System/Library/Frameworks/CloudKit.framework; sourceTree = SDKROOT; };
		A7F90746272FDED800A84016 /* ExpensePartyModel.swift */ = {isa = PBXFileReference; lastKnownFileType = sourcecode.swift; path = ExpensePartyModel.swift; sourceTree = "<group>"; };
		A7F90748272FDF0C00A84016 /* ExpensePartyDataSource.swift */ = {isa = PBXFileReference; lastKnownFileType = sourcecode.swift; path = ExpensePartyDataSource.swift; sourceTree = "<group>"; };
		A7FAE4AE2738FD6E0097793C /* HalfASheet.swift */ = {isa = PBXFileReference; lastKnownFileType = sourcecode.swift; path = HalfASheet.swift; sourceTree = "<group>"; };
		E88AE02727353F4D001AD969 /* AvatarComponentView.swift */ = {isa = PBXFileReference; lastKnownFileType = sourcecode.swift; path = AvatarComponentView.swift; sourceTree = "<group>"; };
		E8C5D23C2739251B00F504FC /* AvatarPickerComponent.swift */ = {isa = PBXFileReference; lastKnownFileType = sourcecode.swift; path = AvatarPickerComponent.swift; sourceTree = "<group>"; };
		E8DC4FE1273A1EA9005E9668 /* CreateProfileView.swift */ = {isa = PBXFileReference; lastKnownFileType = sourcecode.swift; path = CreateProfileView.swift; sourceTree = "<group>"; };
		E8DC4FE5273A4350005E9668 /* Avatar.swift */ = {isa = PBXFileReference; lastKnownFileType = sourcecode.swift; path = Avatar.swift; sourceTree = "<group>"; };
		E8DC4FE7273A437D005E9668 /* AvatarListViewModel.swift */ = {isa = PBXFileReference; lastKnownFileType = sourcecode.swift; path = AvatarListViewModel.swift; sourceTree = "<group>"; };
		E8DC4FE9273A488A005E9668 /* AvatarView.swift */ = {isa = PBXFileReference; lastKnownFileType = sourcecode.swift; path = AvatarView.swift; sourceTree = "<group>"; };
		E8E2ECA7272F80B20019DBCE /* SavingsDataSource.swift */ = {isa = PBXFileReference; lastKnownFileType = sourcecode.swift; path = SavingsDataSource.swift; sourceTree = "<group>"; };
		E8E2ECA9272F80C70019DBCE /* SavingsModel.swift */ = {isa = PBXFileReference; lastKnownFileType = sourcecode.swift; path = SavingsModel.swift; sourceTree = "<group>"; };
		E8F833652738D8C200A0A0F9 /* BudgetIconSlider.swift */ = {isa = PBXFileReference; lastKnownFileType = sourcecode.swift; path = BudgetIconSlider.swift; sourceTree = "<group>"; };
		E8F9DBE9272F9D5500200DAC /* SavingRecordDataSource.swift */ = {isa = PBXFileReference; lastKnownFileType = sourcecode.swift; path = SavingRecordDataSource.swift; sourceTree = "<group>"; };
		E8F9DBEB272F9D6200200DAC /* SavingRecordModel.swift */ = {isa = PBXFileReference; lastKnownFileType = sourcecode.swift; path = SavingRecordModel.swift; sourceTree = "<group>"; };
/* End PBXFileReference section */

/* Begin PBXFrameworksBuildPhase section */
		A7B7E25F2722BA08002B6EF7 /* Frameworks */ = {
			isa = PBXFrameworksBuildPhase;
			buildActionMask = 2147483647;
			files = (
				A7E3537227280180004E999A /* CloudKit.framework in Frameworks */,
			);
			runOnlyForDeploymentPostprocessing = 0;
		};
/* End PBXFrameworksBuildPhase section */

/* Begin PBXGroup section */
		7E08C151272F0A8B00F269BD /* User */ = {
			isa = PBXGroup;
			children = (
				7E08C152272F0A9100F269BD /* Model */,
			);
			path = User;
			sourceTree = "<group>";
		};
		7E08C152272F0A9100F269BD /* Model */ = {
			isa = PBXGroup;
			children = (
				7E08C153272F0A9F00F269BD /* UsersDataSource.swift */,
				7E08C155272F0E2700F269BD /* UsersModel.swift */,
			);
			path = Model;
			sourceTree = "<group>";
		};
		7E08C15B273452BD00F269BD /* Utilities */ = {
			isa = PBXGroup;
			children = (
				7E6100CC2734FB140084B014 /* Constants */,
				7E08C15C273452C400F269BD /* Extensions */,
			);
			path = Utilities;
			sourceTree = "<group>";
		};
		7E08C15C273452C400F269BD /* Extensions */ = {
			isa = PBXGroup;
			children = (
				7E08C1592734529400F269BD /* View+CornerRadiusStyle.swift */,
				7E08C1622734571D00F269BD /* DateFormatter+WithFormat.swift */,
				7E08C16C27345ED900F269BD /* TimeInterval+CommonIntervals.swift */,
				A79B4F7A273511E3004B2F19 /* TextBinding.swift */,
				7E6100D12734FFC70084B014 /* NumberFormatter+CurrencyFormatter.swift */,
				7E171158273582070086A78F /* Double+FormatToCurrency.swift */,
			);
			path = Extensions;
			sourceTree = "<group>";
		};
		7E08C16E27345FD900F269BD /* Components */ = {
			isa = PBXGroup;
			children = (
				E88AE02627353F2C001AD969 /* Avatar */,
				A79B4F8027353808004B2F19 /* Button */,
				7E17114627353A090086A78F /* Icon */,
				7E171145273539F60086A78F /* DatePicker */,
				7E17114C27353CCC0086A78F /* Form */,
				7E17115327357E030086A78F /* Overview */,
				7E17114B27353CB90086A78F /* Currency */,
				A79423AD2737BBA2000573A8 /* CalculatorComponent.swift */,
				A7FAE4AE2738FD6E0097793C /* HalfASheet.swift */,
				7E17114F273540320086A78F /* CircularProgressBar.swift */,
			);
			path = Components;
			sourceTree = "<group>";
		};
		7E171140273538DA0086A78F /* Recovered References */ = {
			isa = PBXGroup;
			children = (
			);
			name = "Recovered References";
			sourceTree = "<group>";
		};
		7E171145273539F60086A78F /* DatePicker */ = {
			isa = PBXGroup;
			children = (
				7E6588DF2734653F003882A4 /* TripDatePicker.swift */,
				7E6100C8273471620084B014 /* TripDatePickerViewModel.swift */,
				7E6100C6273471440084B014 /* DateButton.swift */,
				7E6100CA273472CE0084B014 /* DateTimePicker.swift */,
			);
			path = DatePicker;
			sourceTree = "<group>";
		};
		7E17114627353A090086A78F /* Icon */ = {
			isa = PBXGroup;
			children = (
				7E17114727353AC40086A78F /* BudgetIcon.swift */,
				E8F833652738D8C200A0A0F9 /* BudgetIconSlider.swift */,
			);
			path = Icon;
			sourceTree = "<group>";
		};
		7E17114B27353CB90086A78F /* Currency */ = {
			isa = PBXGroup;
			children = (
				7E6100D52735011C0084B014 /* CurrencyPicker.swift */,
				7E6100D727350A520084B014 /* CurrencyList.swift */,
			);
			path = Currency;
			sourceTree = "<group>";
		};
		7E17114C27353CCC0086A78F /* Form */ = {
			isa = PBXGroup;
			children = (
				A7A42D7F2734A18E00F95D5E /* ReusableTitleView.swift */,
			);
			name = Form;
			sourceTree = "<group>";
		};
		7E17115327357E030086A78F /* Overview */ = {
			isa = PBXGroup;
			children = (
				7E17114D27353DBE0086A78F /* Overview.swift */,
				7E17115427357E030086A78F /* OverviewViewModel.swift */,
			);
			path = Overview;
			sourceTree = "<group>";
		};
		7E17115527357E2E0086A78F /* Main */ = {
			isa = PBXGroup;
			children = (
				A7E353672727CB6C004E999A /* Header */,
				7E17115627357E710086A78F /* DailyBudget.swift */,
				7E17115F27358BA10086A78F /* MainComponent.swift */,
				7E8A9436273A51DF00E023DC /* MainPageView.swift */,
			);
			path = Main;
			sourceTree = "<group>";
		};
		7E6100CC2734FB140084B014 /* Constants */ = {
			isa = PBXGroup;
			children = (
				7E6100CD2734FB230084B014 /* Currency.swift */,
			);
			path = Constants;
			sourceTree = "<group>";
		};
		7E944D34272BE47E0017EF76 /* Expenses */ = {
			isa = PBXGroup;
			children = (
				A7394D2C272F26F100C65D55 /* Expense */,
				7E944D3D272BFCF30017EF76 /* Settlement */,
				7E944D35272BE4A20017EF76 /* Debts */,
			);
			path = Expenses;
			sourceTree = "<group>";
		};
		7E944D35272BE4A20017EF76 /* Debts */ = {
			isa = PBXGroup;
			children = (
				7E944D36272BE4BD0017EF76 /* Model */,
			);
			path = Debts;
			sourceTree = "<group>";
		};
		7E944D36272BE4BD0017EF76 /* Model */ = {
			isa = PBXGroup;
			children = (
				7E944D37272BE4D70017EF76 /* DebtsDataSource.swift */,
				7E944D3B272BEDD00017EF76 /* DebtsModel.swift */,
			);
			path = Model;
			sourceTree = "<group>";
		};
		7E944D3D272BFCF30017EF76 /* Settlement */ = {
			isa = PBXGroup;
			children = (
				7E944D44272C01230017EF76 /* Model */,
			);
			path = Settlement;
			sourceTree = "<group>";
		};
		7E944D44272C01230017EF76 /* Model */ = {
			isa = PBXGroup;
			children = (
				7E944D42272BFD3B0017EF76 /* SettlementsDataSource.swift */,
				7E944D40272BFD2B0017EF76 /* SettlementsModel.swift */,
			);
			path = Model;
			sourceTree = "<group>";
		};
		A7394D26272F1EE100C65D55 /* Budget */ = {
			isa = PBXGroup;
			children = (
				A7394D27272F1EF500C65D55 /* Model */,
				7E17115D273586760086A78F /* BudgetCard.swift */,
				7E17116127358F200086A78F /* BudgetList.swift */,
				7E8A943A273A765D00E023DC /* BudgetFormModal.swift */,
			);
			path = Budget;
			sourceTree = "<group>";
		};
		A7394D27272F1EF500C65D55 /* Model */ = {
			isa = PBXGroup;
			children = (
				A7394D28272F1F0E00C65D55 /* BudgetModel.swift */,
				A7394D2A272F1F4D00C65D55 /* BudgetDataSource.swift */,
			);
			path = Model;
			sourceTree = "<group>";
		};
		A7394D2C272F26F100C65D55 /* Expense */ = {
			isa = PBXGroup;
			children = (
				A7394D2D272F271100C65D55 /* Model */,
			);
			path = Expense;
			sourceTree = "<group>";
		};
		A7394D2D272F271100C65D55 /* Model */ = {
			isa = PBXGroup;
			children = (
				A7394D30272F272A00C65D55 /* ExpenseModel.swift */,
				A7394D2E272F272000C65D55 /* ExpenseDataSource.swift */,
				A7F90746272FDED800A84016 /* ExpensePartyModel.swift */,
				A7F90748272FDF0C00A84016 /* ExpensePartyDataSource.swift */,
			);
			path = Model;
			sourceTree = "<group>";
		};
		A7394D32272F317100C65D55 /* Trip */ = {
			isa = PBXGroup;
			children = (
				A7394D33272F317C00C65D55 /* Model */,
				7E17115A273583360086A78F /* TripSettings.swift */,
			);
			path = Trip;
			sourceTree = "<group>";
		};
		A7394D33272F317C00C65D55 /* Model */ = {
			isa = PBXGroup;
			children = (
				A7394D34272F318B00C65D55 /* TripModel.swift */,
				A7394D36272F31B200C65D55 /* TripDataSource.swift */,
			);
			path = Model;
			sourceTree = "<group>";
		};
		A79B4F8027353808004B2F19 /* Button */ = {
			isa = PBXGroup;
			children = (
				A79B4F8127353820004B2F19 /* ButtonPrimary.swift */,
				A79B4F832735383B004B2F19 /* ButtonSecondary.swift */,
				A79B4F8527353864004B2F19 /* ButtonTertiary.swift */,
			);
			path = Button;
			sourceTree = "<group>";
		};
		A7B7E2592722BA08002B6EF7 = {
			isa = PBXGroup;
			children = (
				A7B7E2642722BA08002B6EF7 /* genersa */,
				A7B7E2632722BA08002B6EF7 /* Products */,
				A7E3537027280180004E999A /* Frameworks */,
				7E171140273538DA0086A78F /* Recovered References */,
			);
			sourceTree = "<group>";
		};
		A7B7E2632722BA08002B6EF7 /* Products */ = {
			isa = PBXGroup;
			children = (
				A7B7E2622722BA08002B6EF7 /* genersa.app */,
			);
			name = Products;
			sourceTree = "<group>";
		};
		A7B7E2642722BA08002B6EF7 /* genersa */ = {
			isa = PBXGroup;
			children = (
				A7E3536F27280175004E999A /* Info.plist */,
				A7E3535F2727CAD8004E999A /* App */,
				A7E353602727CB00004E999A /* Vendors */,
				A7E353612727CB0C004E999A /* Modules */,
				A7D7281B2727761E00BCFE61 /* genersa.entitlements */,
				A7B7E2692722BA0A002B6EF7 /* Assets.xcassets */,
				A7E353692727CC26004E999A /* genersaDataModel.xcdatamodeld */,
				A7B7E26B2722BA0A002B6EF7 /* Preview Content */,
			);
			path = genersa;
			sourceTree = "<group>";
		};
		A7B7E26B2722BA0A002B6EF7 /* Preview Content */ = {
			isa = PBXGroup;
			children = (
				A7B7E26C2722BA0A002B6EF7 /* Preview Assets.xcassets */,
			);
			path = "Preview Content";
			sourceTree = "<group>";
		};
		A7E3535F2727CAD8004E999A /* App */ = {
			isa = PBXGroup;
			children = (
				A7E3536C2727CC74004E999A /* Persistance.swift */,
				A7B7E2672722BA08002B6EF7 /* ContentView.swift */,
				A7B7E2652722BA08002B6EF7 /* GenersaApp.swift */,
			);
			path = App;
			sourceTree = "<group>";
		};
		A7E353602727CB00004E999A /* Vendors */ = {
			isa = PBXGroup;
			children = (
				7E08C15B273452BD00F269BD /* Utilities */,
				A7E353622727CB2D004E999A /* Services */,
			);
			path = Vendors;
			sourceTree = "<group>";
		};
		A7E353612727CB0C004E999A /* Modules */ = {
			isa = PBXGroup;
			children = (
				E8DC4FEB273A4BA6005E9668 /* CreateProfile */,
				7E08C16E27345FD900F269BD /* Components */,
				7E17115527357E2E0086A78F /* Main */,
				A7394D32272F317100C65D55 /* Trip */,
				A7394D26272F1EE100C65D55 /* Budget */,
				7E08C151272F0A8B00F269BD /* User */,
				A7E353682727CB99004E999A /* Savings */,
				7E944D34272BE47E0017EF76 /* Expenses */,
			);
			path = Modules;
			sourceTree = "<group>";
		};
		A7E353622727CB2D004E999A /* Services */ = {
			isa = PBXGroup;
			children = (
			);
			path = Services;
			sourceTree = "<group>";
		};
		A7E353672727CB6C004E999A /* Header */ = {
			isa = PBXGroup;
			children = (
				7E08C15727330BB300F269BD /* HeaderView.swift */,
				7E08C15D2734535900F269BD /* HeaderViewModel.swift */,
				7E08C164273458B500F269BD /* HeaderButton.swift */,
			);
			path = Header;
			sourceTree = "<group>";
		};
		A7E353682727CB99004E999A /* Savings */ = {
			isa = PBXGroup;
			children = (
				E8F9DBE7272F9D3900200DAC /* SavingRecords */,
				E8F9DBE4272F9CCB00200DAC /* Model */,
				A7A42D832734D6F600F95D5E /* SavingHistoryComponent.swift */,
				7E8A9438273A526700E023DC /* SavingsList.swift */,
			);
			path = Savings;
			sourceTree = "<group>";
		};
		A7E3537027280180004E999A /* Frameworks */ = {
			isa = PBXGroup;
			children = (
				A7E3537127280180004E999A /* CloudKit.framework */,
			);
			name = Frameworks;
			sourceTree = "<group>";
		};
		E88AE02627353F2C001AD969 /* Avatar */ = {
			isa = PBXGroup;
			children = (
				E88AE02727353F4D001AD969 /* AvatarComponentView.swift */,
				E8C5D23C2739251B00F504FC /* AvatarPickerComponent.swift */,
			);
			path = Avatar;
			sourceTree = "<group>";
		};
		E8DC4FEB273A4BA6005E9668 /* CreateProfile */ = {
			isa = PBXGroup;
			children = (
				E8DC4FE1273A1EA9005E9668 /* CreateProfileView.swift */,
				E8DC4FE9273A488A005E9668 /* AvatarView.swift */,
				E8DC4FE7273A437D005E9668 /* AvatarListViewModel.swift */,
				E8DC4FE5273A4350005E9668 /* Avatar.swift */,
			);
			path = CreateProfile;
			sourceTree = "<group>";
		};
		E8F9DBE4272F9CCB00200DAC /* Model */ = {
			isa = PBXGroup;
			children = (
				E8E2ECA9272F80C70019DBCE /* SavingsModel.swift */,
				E8E2ECA7272F80B20019DBCE /* SavingsDataSource.swift */,
			);
			path = Model;
			sourceTree = "<group>";
		};
		E8F9DBE7272F9D3900200DAC /* SavingRecords */ = {
			isa = PBXGroup;
			children = (
				E8F9DBE8272F9D4400200DAC /* Model */,
			);
			path = SavingRecords;
			sourceTree = "<group>";
		};
		E8F9DBE8272F9D4400200DAC /* Model */ = {
			isa = PBXGroup;
			children = (
				E8F9DBE9272F9D5500200DAC /* SavingRecordDataSource.swift */,
				E8F9DBEB272F9D6200200DAC /* SavingRecordModel.swift */,
			);
			path = Model;
			sourceTree = "<group>";
		};
/* End PBXGroup section */

/* Begin PBXNativeTarget section */
		A7B7E2612722BA08002B6EF7 /* genersa */ = {
			isa = PBXNativeTarget;
			buildConfigurationList = A7B7E2702722BA0A002B6EF7 /* Build configuration list for PBXNativeTarget "genersa" */;
			buildPhases = (
				A7B7E25E2722BA08002B6EF7 /* Sources */,
				A7B7E25F2722BA08002B6EF7 /* Frameworks */,
				A7B7E2602722BA08002B6EF7 /* Resources */,
				A7C5D9A42726B06D00B360C0 /* ShellScript */,
			);
			buildRules = (
			);
			dependencies = (
			);
			name = genersa;
			packageProductDependencies = (
			);
			productName = genersa;
			productReference = A7B7E2622722BA08002B6EF7 /* genersa.app */;
			productType = "com.apple.product-type.application";
		};
/* End PBXNativeTarget section */

/* Begin PBXProject section */
		A7B7E25A2722BA08002B6EF7 /* Project object */ = {
			isa = PBXProject;
			attributes = {
				BuildIndependentTargetsInParallel = 1;
				LastSwiftUpdateCheck = 1300;
				LastUpgradeCheck = 1300;
				TargetAttributes = {
					A7B7E2612722BA08002B6EF7 = {
						CreatedOnToolsVersion = 13.0;
					};
				};
			};
			buildConfigurationList = A7B7E25D2722BA08002B6EF7 /* Build configuration list for PBXProject "genersa" */;
			compatibilityVersion = "Xcode 13.0";
			developmentRegion = en;
			hasScannedForEncodings = 0;
			knownRegions = (
				en,
				Base,
			);
			mainGroup = A7B7E2592722BA08002B6EF7;
			packageReferences = (
			);
			productRefGroup = A7B7E2632722BA08002B6EF7 /* Products */;
			projectDirPath = "";
			projectRoot = "";
			targets = (
				A7B7E2612722BA08002B6EF7 /* genersa */,
			);
		};
/* End PBXProject section */

/* Begin PBXResourcesBuildPhase section */
		A7B7E2602722BA08002B6EF7 /* Resources */ = {
			isa = PBXResourcesBuildPhase;
			buildActionMask = 2147483647;
			files = (
				A7B7E26D2722BA0A002B6EF7 /* Preview Assets.xcassets in Resources */,
				A7B7E26A2722BA0A002B6EF7 /* Assets.xcassets in Resources */,
			);
			runOnlyForDeploymentPostprocessing = 0;
		};
/* End PBXResourcesBuildPhase section */

/* Begin PBXShellScriptBuildPhase section */
		A7C5D9A42726B06D00B360C0 /* ShellScript */ = {
			isa = PBXShellScriptBuildPhase;
			buildActionMask = 2147483647;
			files = (
			);
			inputFileListPaths = (
			);
			inputPaths = (
			);
			outputFileListPaths = (
			);
			outputPaths = (
			);
			runOnlyForDeploymentPostprocessing = 0;
			shellPath = /bin/sh;
			shellScript = "
";
		};
/* End PBXShellScriptBuildPhase section */

/* Begin PBXSourcesBuildPhase section */
		A7B7E25E2722BA08002B6EF7 /* Sources */ = {
			isa = PBXSourcesBuildPhase;
			buildActionMask = 2147483647;
			files = (
				7E6100D827350A520084B014 /* CurrencyList.swift in Sources */,
				A7F90747272FDED800A84016 /* ExpensePartyModel.swift in Sources */,
				7E08C15E2734535900F269BD /* HeaderViewModel.swift in Sources */,
				7E944D3C272BEDD00017EF76 /* DebtsModel.swift in Sources */,
				7E17114E27353DBE0086A78F /* Overview.swift in Sources */,
				A79B4F8227353820004B2F19 /* ButtonPrimary.swift in Sources */,
				7E17115E273586760086A78F /* BudgetCard.swift in Sources */,
				7E944D43272BFD3B0017EF76 /* SettlementsDataSource.swift in Sources */,
				A7B7E2682722BA08002B6EF7 /* ContentView.swift in Sources */,
				E8E2ECA8272F80B20019DBCE /* SavingsDataSource.swift in Sources */,
				E8F833662738D8C200A0A0F9 /* BudgetIconSlider.swift in Sources */,
				7E6100CE2734FB230084B014 /* Currency.swift in Sources */,
				7E08C154272F0A9F00F269BD /* UsersDataSource.swift in Sources */,
				A79B4F7B273511E3004B2F19 /* TextBinding.swift in Sources */,
				7E08C165273458B500F269BD /* HeaderButton.swift in Sources */,
				7E17114827353AC40086A78F /* BudgetIcon.swift in Sources */,
				A7A42D842734D6F600F95D5E /* SavingHistoryComponent.swift in Sources */,
				7E6100D62735011C0084B014 /* CurrencyPicker.swift in Sources */,
				7E8A9437273A51DF00E023DC /* MainPageView.swift in Sources */,
				7E944D41272BFD2B0017EF76 /* SettlementsModel.swift in Sources */,
				A7FAE4AF2738FD6E0097793C /* HalfASheet.swift in Sources */,
				A79423AE2737BBA2000573A8 /* CalculatorComponent.swift in Sources */,
				7E08C1632734571D00F269BD /* DateFormatter+WithFormat.swift in Sources */,
				E88AE02827353F4D001AD969 /* AvatarComponentView.swift in Sources */,
				7E08C15A2734529400F269BD /* View+CornerRadiusStyle.swift in Sources */,
				A7F90749272FDF0C00A84016 /* ExpensePartyDataSource.swift in Sources */,
				A7E3536D2727CC74004E999A /* Persistance.swift in Sources */,
				7E171159273582070086A78F /* Double+FormatToCurrency.swift in Sources */,
				7E17116027358BA10086A78F /* MainComponent.swift in Sources */,
				A7394D2F272F272000C65D55 /* ExpenseDataSource.swift in Sources */,
				7E944D38272BE4D70017EF76 /* DebtsDataSource.swift in Sources */,
				7E17116227358F200086A78F /* BudgetList.swift in Sources */,
				7E17115B273583360086A78F /* TripSettings.swift in Sources */,
				E8E2ECAA272F80C70019DBCE /* SavingsModel.swift in Sources */,
				7E6100D22734FFC70084B014 /* NumberFormatter+CurrencyFormatter.swift in Sources */,
				E8F9DBEC272F9D6200200DAC /* SavingRecordModel.swift in Sources */,
				E8DC4FE8273A437D005E9668 /* AvatarListViewModel.swift in Sources */,
				7E6100C9273471620084B014 /* TripDatePickerViewModel.swift in Sources */,
				7E6588E02734653F003882A4 /* TripDatePicker.swift in Sources */,
				A7394D35272F318B00C65D55 /* TripModel.swift in Sources */,
				7E171150273540320086A78F /* CircularProgressBar.swift in Sources */,
				A7394D37272F31B200C65D55 /* TripDataSource.swift in Sources */,
				E8DC4FE2273A1EA9005E9668 /* CreateProfileView.swift in Sources */,
				A7394D31272F272A00C65D55 /* ExpenseModel.swift in Sources */,
				A7394D2B272F1F4D00C65D55 /* BudgetDataSource.swift in Sources */,
				A7394D29272F1F0E00C65D55 /* BudgetModel.swift in Sources */,
				7E8A943B273A765E00E023DC /* BudgetFormModal.swift in Sources */,
				A79B4F8627353864004B2F19 /* ButtonTertiary.swift in Sources */,
				7E8A9439273A526700E023DC /* SavingsList.swift in Sources */,
				A7A42D802734A18E00F95D5E /* ReusableTitleView.swift in Sources */,
				E8F9DBEA272F9D5500200DAC /* SavingRecordDataSource.swift in Sources */,
				7E17115C2735846D0086A78F /* OverviewViewModel.swift in Sources */,
				E8DC4FEA273A488A005E9668 /* AvatarView.swift in Sources */,
				A79B4F842735383B004B2F19 /* ButtonSecondary.swift in Sources */,
				A7B7E2662722BA08002B6EF7 /* GenersaApp.swift in Sources */,
				7E6100CB273472CE0084B014 /* DateTimePicker.swift in Sources */,
				E8C5D23D2739251B00F504FC /* AvatarPickerComponent.swift in Sources */,
				E8DC4FE6273A4350005E9668 /* Avatar.swift in Sources */,
				7E08C156272F0E2700F269BD /* UsersModel.swift in Sources */,
				7E08C16D27345ED900F269BD /* TimeInterval+CommonIntervals.swift in Sources */,
				7E17115727357E710086A78F /* DailyBudget.swift in Sources */,
				7E08C15827330BB300F269BD /* HeaderView.swift in Sources */,
				A7E3536B2727CC26004E999A /* genersaDataModel.xcdatamodeld in Sources */,
				7E6100C7273471440084B014 /* DateButton.swift in Sources */,
			);
			runOnlyForDeploymentPostprocessing = 0;
		};
/* End PBXSourcesBuildPhase section */

/* Begin XCBuildConfiguration section */
		A7B7E26E2722BA0A002B6EF7 /* Debug */ = {
			isa = XCBuildConfiguration;
			buildSettings = {
				ALWAYS_SEARCH_USER_PATHS = NO;
				CLANG_ANALYZER_NONNULL = YES;
				CLANG_ANALYZER_NUMBER_OBJECT_CONVERSION = YES_AGGRESSIVE;
				CLANG_CXX_LANGUAGE_STANDARD = "gnu++17";
				CLANG_CXX_LIBRARY = "libc++";
				CLANG_ENABLE_MODULES = YES;
				CLANG_ENABLE_OBJC_ARC = YES;
				CLANG_ENABLE_OBJC_WEAK = YES;
				CLANG_WARN_BLOCK_CAPTURE_AUTORELEASING = YES;
				CLANG_WARN_BOOL_CONVERSION = YES;
				CLANG_WARN_COMMA = YES;
				CLANG_WARN_CONSTANT_CONVERSION = YES;
				CLANG_WARN_DEPRECATED_OBJC_IMPLEMENTATIONS = YES;
				CLANG_WARN_DIRECT_OBJC_ISA_USAGE = YES_ERROR;
				CLANG_WARN_DOCUMENTATION_COMMENTS = YES;
				CLANG_WARN_EMPTY_BODY = YES;
				CLANG_WARN_ENUM_CONVERSION = YES;
				CLANG_WARN_INFINITE_RECURSION = YES;
				CLANG_WARN_INT_CONVERSION = YES;
				CLANG_WARN_NON_LITERAL_NULL_CONVERSION = YES;
				CLANG_WARN_OBJC_IMPLICIT_RETAIN_SELF = YES;
				CLANG_WARN_OBJC_LITERAL_CONVERSION = YES;
				CLANG_WARN_OBJC_ROOT_CLASS = YES_ERROR;
				CLANG_WARN_QUOTED_INCLUDE_IN_FRAMEWORK_HEADER = YES;
				CLANG_WARN_RANGE_LOOP_ANALYSIS = YES;
				CLANG_WARN_STRICT_PROTOTYPES = YES;
				CLANG_WARN_SUSPICIOUS_MOVE = YES;
				CLANG_WARN_UNGUARDED_AVAILABILITY = YES_AGGRESSIVE;
				CLANG_WARN_UNREACHABLE_CODE = YES;
				CLANG_WARN__DUPLICATE_METHOD_MATCH = YES;
				COPY_PHASE_STRIP = NO;
				DEBUG_INFORMATION_FORMAT = dwarf;
				ENABLE_STRICT_OBJC_MSGSEND = YES;
				ENABLE_TESTABILITY = YES;
				GCC_C_LANGUAGE_STANDARD = gnu11;
				GCC_DYNAMIC_NO_PIC = NO;
				GCC_NO_COMMON_BLOCKS = YES;
				GCC_OPTIMIZATION_LEVEL = 0;
				GCC_PREPROCESSOR_DEFINITIONS = (
					"DEBUG=1",
					"$(inherited)",
				);
				GCC_WARN_64_TO_32_BIT_CONVERSION = YES;
				GCC_WARN_ABOUT_RETURN_TYPE = YES_ERROR;
				GCC_WARN_UNDECLARED_SELECTOR = YES;
				GCC_WARN_UNINITIALIZED_AUTOS = YES_AGGRESSIVE;
				GCC_WARN_UNUSED_FUNCTION = YES;
				GCC_WARN_UNUSED_VARIABLE = YES;
				IPHONEOS_DEPLOYMENT_TARGET = 15.0;
				MTL_ENABLE_DEBUG_INFO = INCLUDE_SOURCE;
				MTL_FAST_MATH = YES;
				ONLY_ACTIVE_ARCH = YES;
				SDKROOT = iphoneos;
				SWIFT_ACTIVE_COMPILATION_CONDITIONS = DEBUG;
				SWIFT_OPTIMIZATION_LEVEL = "-Onone";
			};
			name = Debug;
		};
		A7B7E26F2722BA0A002B6EF7 /* Release */ = {
			isa = XCBuildConfiguration;
			buildSettings = {
				ALWAYS_SEARCH_USER_PATHS = NO;
				CLANG_ANALYZER_NONNULL = YES;
				CLANG_ANALYZER_NUMBER_OBJECT_CONVERSION = YES_AGGRESSIVE;
				CLANG_CXX_LANGUAGE_STANDARD = "gnu++17";
				CLANG_CXX_LIBRARY = "libc++";
				CLANG_ENABLE_MODULES = YES;
				CLANG_ENABLE_OBJC_ARC = YES;
				CLANG_ENABLE_OBJC_WEAK = YES;
				CLANG_WARN_BLOCK_CAPTURE_AUTORELEASING = YES;
				CLANG_WARN_BOOL_CONVERSION = YES;
				CLANG_WARN_COMMA = YES;
				CLANG_WARN_CONSTANT_CONVERSION = YES;
				CLANG_WARN_DEPRECATED_OBJC_IMPLEMENTATIONS = YES;
				CLANG_WARN_DIRECT_OBJC_ISA_USAGE = YES_ERROR;
				CLANG_WARN_DOCUMENTATION_COMMENTS = YES;
				CLANG_WARN_EMPTY_BODY = YES;
				CLANG_WARN_ENUM_CONVERSION = YES;
				CLANG_WARN_INFINITE_RECURSION = YES;
				CLANG_WARN_INT_CONVERSION = YES;
				CLANG_WARN_NON_LITERAL_NULL_CONVERSION = YES;
				CLANG_WARN_OBJC_IMPLICIT_RETAIN_SELF = YES;
				CLANG_WARN_OBJC_LITERAL_CONVERSION = YES;
				CLANG_WARN_OBJC_ROOT_CLASS = YES_ERROR;
				CLANG_WARN_QUOTED_INCLUDE_IN_FRAMEWORK_HEADER = YES;
				CLANG_WARN_RANGE_LOOP_ANALYSIS = YES;
				CLANG_WARN_STRICT_PROTOTYPES = YES;
				CLANG_WARN_SUSPICIOUS_MOVE = YES;
				CLANG_WARN_UNGUARDED_AVAILABILITY = YES_AGGRESSIVE;
				CLANG_WARN_UNREACHABLE_CODE = YES;
				CLANG_WARN__DUPLICATE_METHOD_MATCH = YES;
				COPY_PHASE_STRIP = NO;
				DEBUG_INFORMATION_FORMAT = "dwarf-with-dsym";
				ENABLE_NS_ASSERTIONS = NO;
				ENABLE_STRICT_OBJC_MSGSEND = YES;
				GCC_C_LANGUAGE_STANDARD = gnu11;
				GCC_NO_COMMON_BLOCKS = YES;
				GCC_WARN_64_TO_32_BIT_CONVERSION = YES;
				GCC_WARN_ABOUT_RETURN_TYPE = YES_ERROR;
				GCC_WARN_UNDECLARED_SELECTOR = YES;
				GCC_WARN_UNINITIALIZED_AUTOS = YES_AGGRESSIVE;
				GCC_WARN_UNUSED_FUNCTION = YES;
				GCC_WARN_UNUSED_VARIABLE = YES;
				IPHONEOS_DEPLOYMENT_TARGET = 15.0;
				MTL_ENABLE_DEBUG_INFO = NO;
				MTL_FAST_MATH = YES;
				SDKROOT = iphoneos;
				SWIFT_COMPILATION_MODE = wholemodule;
				SWIFT_OPTIMIZATION_LEVEL = "-O";
				VALIDATE_PRODUCT = YES;
			};
			name = Release;
		};
		A7B7E2712722BA0A002B6EF7 /* Debug */ = {
			isa = XCBuildConfiguration;
			buildSettings = {
				ASSETCATALOG_COMPILER_APPICON_NAME = AppIcon;
				ASSETCATALOG_COMPILER_GLOBAL_ACCENT_COLOR_NAME = AccentColor;
				CODE_SIGN_ENTITLEMENTS = genersa/genersa.entitlements;
				CODE_SIGN_STYLE = Automatic;
				CURRENT_PROJECT_VERSION = 1;
				DEVELOPMENT_ASSET_PATHS = "\"genersa/Preview Content\"";
				DEVELOPMENT_TEAM = 7BXMQ2C5C2;
				ENABLE_PREVIEWS = YES;
				GENERATE_INFOPLIST_FILE = YES;
				INFOPLIST_FILE = genersa/Info.plist;
				INFOPLIST_KEY_UIApplicationSceneManifest_Generation = YES;
				INFOPLIST_KEY_UIApplicationSupportsIndirectInputEvents = YES;
				INFOPLIST_KEY_UILaunchScreen_Generation = YES;
				INFOPLIST_KEY_UISupportedInterfaceOrientations_iPad = "UIInterfaceOrientationPortrait UIInterfaceOrientationPortraitUpsideDown UIInterfaceOrientationLandscapeLeft UIInterfaceOrientationLandscapeRight";
				INFOPLIST_KEY_UISupportedInterfaceOrientations_iPhone = "UIInterfaceOrientationPortrait UIInterfaceOrientationLandscapeLeft UIInterfaceOrientationLandscapeRight";
				IPHONEOS_DEPLOYMENT_TARGET = 14.0;
				LD_RUNPATH_SEARCH_PATHS = (
					"$(inherited)",
					"@executable_path/Frameworks",
				);
				MARKETING_VERSION = 1.0;
				PRODUCT_BUNDLE_IDENTIFIER = Genersa.genersaTravel;
				PRODUCT_NAME = "$(TARGET_NAME)";
				SWIFT_EMIT_LOC_STRINGS = YES;
				SWIFT_VERSION = 5.0;
				TARGETED_DEVICE_FAMILY = "1,2";
			};
			name = Debug;
		};
		A7B7E2722722BA0A002B6EF7 /* Release */ = {
			isa = XCBuildConfiguration;
			buildSettings = {
				ASSETCATALOG_COMPILER_APPICON_NAME = AppIcon;
				ASSETCATALOG_COMPILER_GLOBAL_ACCENT_COLOR_NAME = AccentColor;
				CODE_SIGN_ENTITLEMENTS = genersa/genersa.entitlements;
				CODE_SIGN_STYLE = Automatic;
				CURRENT_PROJECT_VERSION = 1;
				DEVELOPMENT_ASSET_PATHS = "\"genersa/Preview Content\"";
				DEVELOPMENT_TEAM = 7BXMQ2C5C2;
				ENABLE_PREVIEWS = YES;
				GENERATE_INFOPLIST_FILE = YES;
				INFOPLIST_FILE = genersa/Info.plist;
				INFOPLIST_KEY_UIApplicationSceneManifest_Generation = YES;
				INFOPLIST_KEY_UIApplicationSupportsIndirectInputEvents = YES;
				INFOPLIST_KEY_UILaunchScreen_Generation = YES;
				INFOPLIST_KEY_UISupportedInterfaceOrientations_iPad = "UIInterfaceOrientationPortrait UIInterfaceOrientationPortraitUpsideDown UIInterfaceOrientationLandscapeLeft UIInterfaceOrientationLandscapeRight";
				INFOPLIST_KEY_UISupportedInterfaceOrientations_iPhone = "UIInterfaceOrientationPortrait UIInterfaceOrientationLandscapeLeft UIInterfaceOrientationLandscapeRight";
				IPHONEOS_DEPLOYMENT_TARGET = 14.0;
				LD_RUNPATH_SEARCH_PATHS = (
					"$(inherited)",
					"@executable_path/Frameworks",
				);
				MARKETING_VERSION = 1.0;
				PRODUCT_BUNDLE_IDENTIFIER = Genersa.genersaTravel;
				PRODUCT_NAME = "$(TARGET_NAME)";
				SWIFT_EMIT_LOC_STRINGS = YES;
				SWIFT_VERSION = 5.0;
				TARGETED_DEVICE_FAMILY = "1,2";
			};
			name = Release;
		};
/* End XCBuildConfiguration section */

/* Begin XCConfigurationList section */
		A7B7E25D2722BA08002B6EF7 /* Build configuration list for PBXProject "genersa" */ = {
			isa = XCConfigurationList;
			buildConfigurations = (
				A7B7E26E2722BA0A002B6EF7 /* Debug */,
				A7B7E26F2722BA0A002B6EF7 /* Release */,
			);
			defaultConfigurationIsVisible = 0;
			defaultConfigurationName = Release;
		};
		A7B7E2702722BA0A002B6EF7 /* Build configuration list for PBXNativeTarget "genersa" */ = {
			isa = XCConfigurationList;
			buildConfigurations = (
				A7B7E2712722BA0A002B6EF7 /* Debug */,
				A7B7E2722722BA0A002B6EF7 /* Release */,
			);
			defaultConfigurationIsVisible = 0;
			defaultConfigurationName = Release;
		};
/* End XCConfigurationList section */

/* Begin XCVersionGroup section */
		A7E353692727CC26004E999A /* genersaDataModel.xcdatamodeld */ = {
			isa = XCVersionGroup;
			children = (
				A7E3536A2727CC26004E999A /* genersaDataModel.xcdatamodel */,
			);
			currentVersion = A7E3536A2727CC26004E999A /* genersaDataModel.xcdatamodel */;
			path = genersaDataModel.xcdatamodeld;
			sourceTree = "<group>";
			versionGroupType = wrapper.xcdatamodel;
		};
/* End XCVersionGroup section */
	};
	rootObject = A7B7E25A2722BA08002B6EF7 /* Project object */;
}
